// !$*UTF8*$!
{
	archiveVersion = 1;
	classes = {
	};
	objectVersion = 56;
	objects = {

/* Begin PBXBuildFile section */
		72F15A4F2909E051005CDB10 /* HomeFeedView.swift in Sources */ = {isa = PBXBuildFile; fileRef = 72F15A4E2909E051005CDB10 /* HomeFeedView.swift */; };
		72F15A512909E068005CDB10 /* ExploreView.swift in Sources */ = {isa = PBXBuildFile; fileRef = 72F15A502909E068005CDB10 /* ExploreView.swift */; };
		72F15A532909E06D005CDB10 /* CameraView.swift in Sources */ = {isa = PBXBuildFile; fileRef = 72F15A522909E06D005CDB10 /* CameraView.swift */; };
		72F15A552909E07D005CDB10 /* NotificationView.swift in Sources */ = {isa = PBXBuildFile; fileRef = 72F15A542909E07D005CDB10 /* NotificationView.swift */; };
		72F15A572909E08E005CDB10 /* ProfileView.swift in Sources */ = {isa = PBXBuildFile; fileRef = 72F15A562909E08E005CDB10 /* ProfileView.swift */; };
		72F15A5B2909EDD6005CDB10 /* StoriesView.swift in Sources */ = {isa = PBXBuildFile; fileRef = 72F15A5A2909EDD6005CDB10 /* StoriesView.swift */; };
		72F3342D290990C9004C764A /* Instagram_SwiftUIApp.swift in Sources */ = {isa = PBXBuildFile; fileRef = 72F3342C290990C9004C764A /* Instagram_SwiftUIApp.swift */; };
		72F3342F290990C9004C764A /* ContentView.swift in Sources */ = {isa = PBXBuildFile; fileRef = 72F3342E290990C9004C764A /* ContentView.swift */; };
		72F33431290990CB004C764A /* Assets.xcassets in Resources */ = {isa = PBXBuildFile; fileRef = 72F33430290990CB004C764A /* Assets.xcassets */; };
		72F33434290990CB004C764A /* Preview Assets.xcassets in Resources */ = {isa = PBXBuildFile; fileRef = 72F33433290990CB004C764A /* Preview Assets.xcassets */; };
/* End PBXBuildFile section */

/* Begin PBXFileReference section */
		72F15A4E2909E051005CDB10 /* HomeFeedView.swift */ = {isa = PBXFileReference; lastKnownFileType = sourcecode.swift; path = HomeFeedView.swift; sourceTree = "<group>"; };
		72F15A502909E068005CDB10 /* ExploreView.swift */ = {isa = PBXFileReference; lastKnownFileType = sourcecode.swift; path = ExploreView.swift; sourceTree = "<group>"; };
		72F15A522909E06D005CDB10 /* CameraView.swift */ = {isa = PBXFileReference; lastKnownFileType = sourcecode.swift; path = CameraView.swift; sourceTree = "<group>"; };
		72F15A542909E07D005CDB10 /* NotificationView.swift */ = {isa = PBXFileReference; lastKnownFileType = sourcecode.swift; path = NotificationView.swift; sourceTree = "<group>"; };
		72F15A562909E08E005CDB10 /* ProfileView.swift */ = {isa = PBXFileReference; lastKnownFileType = sourcecode.swift; path = ProfileView.swift; sourceTree = "<group>"; };
		72F15A582909E3DE005CDB10 /* Info.plist */ = {isa = PBXFileReference; lastKnownFileType = text.plist; path = Info.plist; sourceTree = "<group>"; };
		72F15A5A2909EDD6005CDB10 /* StoriesView.swift */ = {isa = PBXFileReference; lastKnownFileType = sourcecode.swift; path = StoriesView.swift; sourceTree = "<group>"; };
		72F33429290990C9004C764A /* Instagram-SwiftUI.app */ = {isa = PBXFileReference; explicitFileType = wrapper.application; includeInIndex = 0; path = "Instagram-SwiftUI.app"; sourceTree = BUILT_PRODUCTS_DIR; };
		72F3342C290990C9004C764A /* Instagram_SwiftUIApp.swift */ = {isa = PBXFileReference; lastKnownFileType = sourcecode.swift; path = Instagram_SwiftUIApp.swift; sourceTree = "<group>"; };
		72F3342E290990C9004C764A /* ContentView.swift */ = {isa = PBXFileReference; lastKnownFileType = sourcecode.swift; path = ContentView.swift; sourceTree = "<group>"; };
		72F33430290990CB004C764A /* Assets.xcassets */ = {isa = PBXFileReference; lastKnownFileType = folder.assetcatalog; path = Assets.xcassets; sourceTree = "<group>"; };
		72F33433290990CB004C764A /* Preview Assets.xcassets */ = {isa = PBXFileReference; lastKnownFileType = folder.assetcatalog; path = "Preview Assets.xcassets"; sourceTree = "<group>"; };
/* End PBXFileReference section */

/* Begin PBXFrameworksBuildPhase section */
		72F33426290990C9004C764A /* Frameworks */ = {
			isa = PBXFrameworksBuildPhase;
			buildActionMask = 2147483647;
			files = (
			);
			runOnlyForDeploymentPostprocessing = 0;
		};
/* End PBXFrameworksBuildPhase section */

/* Begin PBXGroup section */
		72F15A4D2909E028005CDB10 /* Views */ = {
			isa = PBXGroup;
			children = (
				72F15A592909EDB5005CDB10 /* Home */,
				72F3342E290990C9004C764A /* ContentView.swift */,
				72F15A502909E068005CDB10 /* ExploreView.swift */,
				72F15A522909E06D005CDB10 /* CameraView.swift */,
				72F15A542909E07D005CDB10 /* NotificationView.swift */,
				72F15A562909E08E005CDB10 /* ProfileView.swift */,
			);
			path = Views;
			sourceTree = "<group>";
		};
		72F15A592909EDB5005CDB10 /* Home */ = {
			isa = PBXGroup;
			children = (
				72F15A4E2909E051005CDB10 /* HomeFeedView.swift */,
				72F15A5A2909EDD6005CDB10 /* StoriesView.swift */,
			);
			path = Home;
			sourceTree = "<group>";
		};
		72F33420290990C9004C764A = {
			isa = PBXGroup;
			children = (
				72F3342B290990C9004C764A /* Instagram-SwiftUI */,
				72F3342A290990C9004C764A /* Products */,
			);
			sourceTree = "<group>";
		};
		72F3342A290990C9004C764A /* Products */ = {
			isa = PBXGroup;
			children = (
				72F33429290990C9004C764A /* Instagram-SwiftUI.app */,
			);
			name = Products;
			sourceTree = "<group>";
		};
		72F3342B290990C9004C764A /* Instagram-SwiftUI */ = {
			isa = PBXGroup;
			children = (
				72F15A582909E3DE005CDB10 /* Info.plist */,
				72F15A4D2909E028005CDB10 /* Views */,
				72F3342C290990C9004C764A /* Instagram_SwiftUIApp.swift */,
				72F33430290990CB004C764A /* Assets.xcassets */,
				72F33432290990CB004C764A /* Preview Content */,
			);
			path = "Instagram-SwiftUI";
			sourceTree = "<group>";
		};
		72F33432290990CB004C764A /* Preview Content */ = {
			isa = PBXGroup;
			children = (
				72F33433290990CB004C764A /* Preview Assets.xcassets */,
			);
			path = "Preview Content";
			sourceTree = "<group>";
		};
/* End PBXGroup section */

/* Begin PBXNativeTarget section */
		72F33428290990C9004C764A /* Instagram-SwiftUI */ = {
			isa = PBXNativeTarget;
			buildConfigurationList = 72F33437290990CB004C764A /* Build configuration list for PBXNativeTarget "Instagram-SwiftUI" */;
			buildPhases = (
				72F33425290990C9004C764A /* Sources */,
				72F33426290990C9004C764A /* Frameworks */,
				72F33427290990C9004C764A /* Resources */,
			);
			buildRules = (
			);
			dependencies = (
			);
			name = "Instagram-SwiftUI";
			productName = "Instagram-SwiftUI";
			productReference = 72F33429290990C9004C764A /* Instagram-SwiftUI.app */;
			productType = "com.apple.product-type.application";
		};
/* End PBXNativeTarget section */

/* Begin PBXProject section */
		72F33421290990C9004C764A /* Project object */ = {
			isa = PBXProject;
			attributes = {
				BuildIndependentTargetsInParallel = 1;
				LastSwiftUpdateCheck = 1400;
				LastUpgradeCheck = 1400;
				TargetAttributes = {
					72F33428290990C9004C764A = {
						CreatedOnToolsVersion = 14.0.1;
					};
				};
			};
			buildConfigurationList = 72F33424290990C9004C764A /* Build configuration list for PBXProject "Instagram-SwiftUI" */;
			compatibilityVersion = "Xcode 14.0";
			developmentRegion = en;
			hasScannedForEncodings = 0;
			knownRegions = (
				en,
				Base,
			);
			mainGroup = 72F33420290990C9004C764A;
			productRefGroup = 72F3342A290990C9004C764A /* Products */;
			projectDirPath = "";
			projectRoot = "";
			targets = (
				72F33428290990C9004C764A /* Instagram-SwiftUI */,
			);
		};
/* End PBXProject section */

/* Begin PBXResourcesBuildPhase section */
		72F33427290990C9004C764A /* Resources */ = {
			isa = PBXResourcesBuildPhase;
			buildActionMask = 2147483647;
			files = (
				72F33434290990CB004C764A /* Preview Assets.xcassets in Resources */,
				72F33431290990CB004C764A /* Assets.xcassets in Resources */,
			);
			runOnlyForDeploymentPostprocessing = 0;
		};
/* End PBXResourcesBuildPhase section */

/* Begin PBXSourcesBuildPhase section */
		72F33425290990C9004C764A /* Sources */ = {
			isa = PBXSourcesBuildPhase;
			buildActionMask = 2147483647;
			files = (
				72F15A5B2909EDD6005CDB10 /* StoriesView.swift in Sources */,
				72F3342F290990C9004C764A /* ContentView.swift in Sources */,
				72F3342D290990C9004C764A /* Instagram_SwiftUIApp.swift in Sources */,
				72F15A512909E068005CDB10 /* ExploreView.swift in Sources */,
				72F15A532909E06D005CDB10 /* CameraView.swift in Sources */,
				72F15A4F2909E051005CDB10 /* HomeFeedView.swift in Sources */,
				72F15A572909E08E005CDB10 /* ProfileView.swift in Sources */,
				72F15A552909E07D005CDB10 /* NotificationView.swift in Sources */,
			);
			runOnlyForDeploymentPostprocessing = 0;
		};
/* End PBXSourcesBuildPhase section */

/* Begin XCBuildConfiguration section */
		72F33435290990CB004C764A /* Debug */ = {
			isa = XCBuildConfiguration;
			buildSettings = {
				ALWAYS_SEARCH_USER_PATHS = NO;
				CLANG_ANALYZER_NONNULL = YES;
				CLANG_ANALYZER_NUMBER_OBJECT_CONVERSION = YES_AGGRESSIVE;
				CLANG_CXX_LANGUAGE_STANDARD = "gnu++20";
				CLANG_ENABLE_MODULES = YES;
				CLANG_ENABLE_OBJC_ARC = YES;
				CLANG_ENABLE_OBJC_WEAK = YES;
				CLANG_WARN_BLOCK_CAPTURE_AUTORELEASING = YES;
				CLANG_WARN_BOOL_CONVERSION = YES;
				CLANG_WARN_COMMA = YES;
				CLANG_WARN_CONSTANT_CONVERSION = YES;
				CLANG_WARN_DEPRECATED_OBJC_IMPLEMENTATIONS = YES;
				CLANG_WARN_DIRECT_OBJC_ISA_USAGE = YES_ERROR;
				CLANG_WARN_DOCUMENTATION_COMMENTS = YES;
				CLANG_WARN_EMPTY_BODY = YES;
				CLANG_WARN_ENUM_CONVERSION = YES;
				CLANG_WARN_INFINITE_RECURSION = YES;
				CLANG_WARN_INT_CONVERSION = YES;
				CLANG_WARN_NON_LITERAL_NULL_CONVERSION = YES;
				CLANG_WARN_OBJC_IMPLICIT_RETAIN_SELF = YES;
				CLANG_WARN_OBJC_LITERAL_CONVERSION = YES;
				CLANG_WARN_OBJC_ROOT_CLASS = YES_ERROR;
				CLANG_WARN_QUOTED_INCLUDE_IN_FRAMEWORK_HEADER = YES;
				CLANG_WARN_RANGE_LOOP_ANALYSIS = YES;
				CLANG_WARN_STRICT_PROTOTYPES = YES;
				CLANG_WARN_SUSPICIOUS_MOVE = YES;
				CLANG_WARN_UNGUARDED_AVAILABILITY = YES_AGGRESSIVE;
				CLANG_WARN_UNREACHABLE_CODE = YES;
				CLANG_WARN__DUPLICATE_METHOD_MATCH = YES;
				COPY_PHASE_STRIP = NO;
				DEBUG_INFORMATION_FORMAT = dwarf;
				ENABLE_STRICT_OBJC_MSGSEND = YES;
				ENABLE_TESTABILITY = YES;
				GCC_C_LANGUAGE_STANDARD = gnu11;
				GCC_DYNAMIC_NO_PIC = NO;
				GCC_NO_COMMON_BLOCKS = YES;
				GCC_OPTIMIZATION_LEVEL = 0;
				GCC_PREPROCESSOR_DEFINITIONS = (
					"DEBUG=1",
					"$(inherited)",
				);
				GCC_WARN_64_TO_32_BIT_CONVERSION = YES;
				GCC_WARN_ABOUT_RETURN_TYPE = YES_ERROR;
				GCC_WARN_UNDECLARED_SELECTOR = YES;
				GCC_WARN_UNINITIALIZED_AUTOS = YES_AGGRESSIVE;
				GCC_WARN_UNUSED_FUNCTION = YES;
				GCC_WARN_UNUSED_VARIABLE = YES;
				IPHONEOS_DEPLOYMENT_TARGET = 16.0;
				MTL_ENABLE_DEBUG_INFO = INCLUDE_SOURCE;
				MTL_FAST_MATH = YES;
				ONLY_ACTIVE_ARCH = YES;
				SDKROOT = iphoneos;
				SWIFT_ACTIVE_COMPILATION_CONDITIONS = DEBUG;
				SWIFT_OPTIMIZATION_LEVEL = "-Onone";
			};
			name = Debug;
		};
		72F33436290990CB004C764A /* Release */ = {
			isa = XCBuildConfiguration;
			buildSettings = {
				ALWAYS_SEARCH_USER_PATHS = NO;
				CLANG_ANALYZER_NONNULL = YES;
				CLANG_ANALYZER_NUMBER_OBJECT_CONVERSION = YES_AGGRESSIVE;
				CLANG_CXX_LANGUAGE_STANDARD = "gnu++20";
				CLANG_ENABLE_MODULES = YES;
				CLANG_ENABLE_OBJC_ARC = YES;
				CLANG_ENABLE_OBJC_WEAK = YES;
				CLANG_WARN_BLOCK_CAPTURE_AUTORELEASING = YES;
				CLANG_WARN_BOOL_CONVERSION = YES;
				CLANG_WARN_COMMA = YES;
				CLANG_WARN_CONSTANT_CONVERSION = YES;
				CLANG_WARN_DEPRECATED_OBJC_IMPLEMENTATIONS = YES;
				CLANG_WARN_DIRECT_OBJC_ISA_USAGE = YES_ERROR;
				CLANG_WARN_DOCUMENTATION_COMMENTS = YES;
				CLANG_WARN_EMPTY_BODY = YES;
				CLANG_WARN_ENUM_CONVERSION = YES;
				CLANG_WARN_INFINITE_RECURSION = YES;
				CLANG_WARN_INT_CONVERSION = YES;
				CLANG_WARN_NON_LITERAL_NULL_CONVERSION = YES;
				CLANG_WARN_OBJC_IMPLICIT_RETAIN_SELF = YES;
				CLANG_WARN_OBJC_LITERAL_CONVERSION = YES;
				CLANG_WARN_OBJC_ROOT_CLASS = YES_ERROR;
				CLANG_WARN_QUOTED_INCLUDE_IN_FRAMEWORK_HEADER = YES;
				CLANG_WARN_RANGE_LOOP_ANALYSIS = YES;
				CLANG_WARN_STRICT_PROTOTYPES = YES;
				CLANG_WARN_SUSPICIOUS_MOVE = YES;
				CLANG_WARN_UNGUARDED_AVAILABILITY = YES_AGGRESSIVE;
				CLANG_WARN_UNREACHABLE_CODE = YES;
				CLANG_WARN__DUPLICATE_METHOD_MATCH = YES;
				COPY_PHASE_STRIP = NO;
				DEBUG_INFORMATION_FORMAT = "dwarf-with-dsym";
				ENABLE_NS_ASSERTIONS = NO;
				ENABLE_STRICT_OBJC_MSGSEND = YES;
				GCC_C_LANGUAGE_STANDARD = gnu11;
				GCC_NO_COMMON_BLOCKS = YES;
				GCC_WARN_64_TO_32_BIT_CONVERSION = YES;
				GCC_WARN_ABOUT_RETURN_TYPE = YES_ERROR;
				GCC_WARN_UNDECLARED_SELECTOR = YES;
				GCC_WARN_UNINITIALIZED_AUTOS = YES_AGGRESSIVE;
				GCC_WARN_UNUSED_FUNCTION = YES;
				GCC_WARN_UNUSED_VARIABLE = YES;
				IPHONEOS_DEPLOYMENT_TARGET = 16.0;
				MTL_ENABLE_DEBUG_INFO = NO;
				MTL_FAST_MATH = YES;
				SDKROOT = iphoneos;
				SWIFT_COMPILATION_MODE = wholemodule;
				SWIFT_OPTIMIZATION_LEVEL = "-O";
				VALIDATE_PRODUCT = YES;
			};
			name = Release;
		};
		72F33438290990CB004C764A /* Debug */ = {
			isa = XCBuildConfiguration;
			buildSettings = {
				ASSETCATALOG_COMPILER_APPICON_NAME = AppIcon;
				ASSETCATALOG_COMPILER_GLOBAL_ACCENT_COLOR_NAME = AccentColor;
				CODE_SIGN_STYLE = Automatic;
				CURRENT_PROJECT_VERSION = 1;
				DEVELOPMENT_ASSET_PATHS = "\"Instagram-SwiftUI/Preview Content\"";
				DEVELOPMENT_TEAM = J76GLL854P;
				ENABLE_PREVIEWS = YES;
				GENERATE_INFOPLIST_FILE = YES;
				INFOPLIST_FILE = "Instagram-SwiftUI/Info.plist";
				INFOPLIST_KEY_NSCameraUsageDescription = "Please allow to use Camera";
				INFOPLIST_KEY_NSPhotoLibraryUsageDescription = "Please allow to access to Photo Library";
				INFOPLIST_KEY_UIApplicationSceneManifest_Generation = YES;
				INFOPLIST_KEY_UIApplicationSupportsIndirectInputEvents = YES;
				INFOPLIST_KEY_UILaunchScreen_Generation = YES;
				INFOPLIST_KEY_UISupportedInterfaceOrientations_iPad = "UIInterfaceOrientationPortrait UIInterfaceOrientationPortraitUpsideDown UIInterfaceOrientationLandscapeLeft UIInterfaceOrientationLandscapeRight";
				INFOPLIST_KEY_UISupportedInterfaceOrientations_iPhone = "UIInterfaceOrientationPortrait UIInterfaceOrientationLandscapeLeft UIInterfaceOrientationLandscapeRight";
				LD_RUNPATH_SEARCH_PATHS = (
					"$(inherited)",
					"@executable_path/Frameworks",
				);
				MARKETING_VERSION = 1.0;
				PRODUCT_BUNDLE_IDENTIFIER = "josephCalla.com.Instagram-SwiftUI";
				PRODUCT_NAME = "$(TARGET_NAME)";
				SWIFT_EMIT_LOC_STRINGS = YES;
				SWIFT_VERSION = 5.0;
				TARGETED_DEVICE_FAMILY = "1,2";
			};
			name = Debug;
		};
		72F33439290990CB004C764A /* Release */ = {
			isa = XCBuildConfiguration;
			buildSettings = {
				ASSETCATALOG_COMPILER_APPICON_NAME = AppIcon;
				ASSETCATALOG_COMPILER_GLOBAL_ACCENT_COLOR_NAME = AccentColor;
				CODE_SIGN_STYLE = Automatic;
				CURRENT_PROJECT_VERSION = 1;
				DEVELOPMENT_ASSET_PATHS = "\"Instagram-SwiftUI/Preview Content\"";
				DEVELOPMENT_TEAM = J76GLL854P;
				ENABLE_PREVIEWS = YES;
				GENERATE_INFOPLIST_FILE = YES;
				INFOPLIST_FILE = "Instagram-SwiftUI/Info.plist";
				INFOPLIST_KEY_NSCameraUsageDescription = "Please allow to use Camera";
				INFOPLIST_KEY_NSPhotoLibraryUsageDescription = "Please allow to access to Photo Library";
				INFOPLIST_KEY_UIApplicationSceneManifest_Generation = YES;
				INFOPLIST_KEY_UIApplicationSupportsIndirectInputEvents = YES;
				INFOPLIST_KEY_UILaunchScreen_Generation = YES;
				INFOPLIST_KEY_UISupportedInterfaceOrientations_iPad = "UIInterfaceOrientationPortrait UIInterfaceOrientationPortraitUpsideDown UIInterfaceOrientationLandscapeLeft UIInterfaceOrientationLandscapeRight";
				INFOPLIST_KEY_UISupportedInterfaceOrientations_iPhone = "UIInterfaceOrientationPortrait UIInterfaceOrientationLandscapeLeft UIInterfaceOrientationLandscapeRight";
				LD_RUNPATH_SEARCH_PATHS = (
					"$(inherited)",
					"@executable_path/Frameworks",
				);
				MARKETING_VERSION = 1.0;
				PRODUCT_BUNDLE_IDENTIFIER = "josephCalla.com.Instagram-SwiftUI";
				PRODUCT_NAME = "$(TARGET_NAME)";
				SWIFT_EMIT_LOC_STRINGS = YES;
				SWIFT_VERSION = 5.0;
				TARGETED_DEVICE_FAMILY = "1,2";
			};
			name = Release;
		};
/* End XCBuildConfiguration section */

/* Begin XCConfigurationList section */
		72F33424290990C9004C764A /* Build configuration list for PBXProject "Instagram-SwiftUI" */ = {
			isa = XCConfigurationList;
			buildConfigurations = (
				72F33435290990CB004C764A /* Debug */,
				72F33436290990CB004C764A /* Release */,
			);
			defaultConfigurationIsVisible = 0;
			defaultConfigurationName = Release;
		};
		72F33437290990CB004C764A /* Build configuration list for PBXNativeTarget "Instagram-SwiftUI" */ = {
			isa = XCConfigurationList;
			buildConfigurations = (
				72F33438290990CB004C764A /* Debug */,
				72F33439290990CB004C764A /* Release */,
			);
			defaultConfigurationIsVisible = 0;
			defaultConfigurationName = Release;
		};
/* End XCConfigurationList section */
	};
	rootObject = 72F33421290990C9004C764A /* Project object */;
}
